
Microsoft Visual Studio Solution File, Format Version 12.00
# Visual Studio 15
VisualStudioVersion = 15.0.26730.16
MinimumVisualStudioVersion = 10.0.40219.1
Project("{FAE04EC0-301F-11D3-BF4B-00C04F79EFBC}") = "WindowsForms01", "WindowsForms01\WindowsForms01.csproj", "{50EA470C-279F-42ED-994B-503B3E55A686}"
EndProject
Global
	GlobalSection(SolutionConfigurationPlatforms) = preSolution
		Debug|Any CPU = Debug|Any CPU
		Release|Any CPU = Release|Any CPU
	EndGlobalSection
	GlobalSection(ProjectConfigurationPlatforms) = postSolution
		{50EA470C-279F-42ED-994B-503B3E55A686}.Debug|Any CPU.ActiveCfg = Debug|Any CPU
		{50EA470C-279F-42ED-994B-503B3E55A686}.Debug|Any CPU.Build.0 = Debug|Any CPU
		{50EA470C-279F-42ED-994B-503B3E55A686}.Release|Any CPU.ActiveCfg = Release|Any CPU
		{50EA470C-279F-42ED-994B-503B3E55A686}.Release|Any CPU.Build.0 = Release|Any CPU
	EndGlobalSection
	GlobalSection(SolutionProperties) = preSolution
		HideSolutionNode = FALSE
	EndGlobalSection
	GlobalSection(ExtensibilityGlobals) = postSolution
		SolutionGuid = {385B907C-B83A-4BB0-B04B-F8102A71D31A}
	EndGlobalSection
EndGlobal
