
Microsoft Visual Studio Solution File, Format Version 12.00
# Visual Studio 15
VisualStudioVersion = 15.0.26730.16
MinimumVisualStudioVersion = 10.0.40219.1
Project("{FAE04EC0-301F-11D3-BF4B-00C04F79EFBC}") = "Compte_Bancaires_UML", "Compte_Bancaires_UML\Compte_Bancaires_UML.csproj", "{37CF9F79-5C81-4031-8168-21E1D89BFB3C}"
EndProject
Global
	GlobalSection(SolutionConfigurationPlatforms) = preSolution
		Debug|Any CPU = Debug|Any CPU
		Release|Any CPU = Release|Any CPU
	EndGlobalSection
	GlobalSection(ProjectConfigurationPlatforms) = postSolution
		{37CF9F79-5C81-4031-8168-21E1D89BFB3C}.Debug|Any CPU.ActiveCfg = Debug|Any CPU
		{37CF9F79-5C81-4031-8168-21E1D89BFB3C}.Debug|Any CPU.Build.0 = Debug|Any CPU
		{37CF9F79-5C81-4031-8168-21E1D89BFB3C}.Release|Any CPU.ActiveCfg = Release|Any CPU
		{37CF9F79-5C81-4031-8168-21E1D89BFB3C}.Release|Any CPU.Build.0 = Release|Any CPU
	EndGlobalSection
	GlobalSection(SolutionProperties) = preSolution
		HideSolutionNode = FALSE
	EndGlobalSection
	GlobalSection(ExtensibilityGlobals) = postSolution
		SolutionGuid = {FC3A6C09-A79D-4193-BDC1-A5E4373FBABF}
	EndGlobalSection
EndGlobal
