
Microsoft Visual Studio Solution File, Format Version 12.00
# Visual Studio 15
VisualStudioVersion = 15.0.26730.16
MinimumVisualStudioVersion = 10.0.40219.1
Project("{FAE04EC0-301F-11D3-BF4B-00C04F79EFBC}") = "MDI01", "MDI01\MDI01.csproj", "{DD1EDA3F-FDC1-447E-9143-787CB129702F}"
EndProject
Global
	GlobalSection(SolutionConfigurationPlatforms) = preSolution
		Debug|Any CPU = Debug|Any CPU
		Release|Any CPU = Release|Any CPU
	EndGlobalSection
	GlobalSection(ProjectConfigurationPlatforms) = postSolution
		{DD1EDA3F-FDC1-447E-9143-787CB129702F}.Debug|Any CPU.ActiveCfg = Debug|Any CPU
		{DD1EDA3F-FDC1-447E-9143-787CB129702F}.Debug|Any CPU.Build.0 = Debug|Any CPU
		{DD1EDA3F-FDC1-447E-9143-787CB129702F}.Release|Any CPU.ActiveCfg = Release|Any CPU
		{DD1EDA3F-FDC1-447E-9143-787CB129702F}.Release|Any CPU.Build.0 = Release|Any CPU
	EndGlobalSection
	GlobalSection(SolutionProperties) = preSolution
		HideSolutionNode = FALSE
	EndGlobalSection
	GlobalSection(ExtensibilityGlobals) = postSolution
		SolutionGuid = {68735BCF-B9C7-4B9B-A66F-40D2D15DFF1B}
	EndGlobalSection
EndGlobal
